
Microsoft Visual Studio Solution File, Format Version 12.00
# Visual Studio Version 17
VisualStudioVersion = 17.10.35013.160
MinimumVisualStudioVersion = 10.0.40219.1
Project("{9A19103F-16F7-4668-BE54-9A1E7A4F7556}") = "RestAPI", "RestAPI\RestAPI.csproj", "{B0B27757-B744-48F8-9545-24D6C0AD511F}"
EndProject
Project("{9A19103F-16F7-4668-BE54-9A1E7A4F7556}") = "BusinessAPI", "BusinessAPI\BusinessAPI.csproj", "{E960429C-266F-41B9-9AF4-9921139EED7F}"
EndProject
Project("{9A19103F-16F7-4668-BE54-9A1E7A4F7556}") = "DatabaseAPI", "DatabaseAPI\DatabaseAPI.csproj", "{F9CDE7B9-8648-4DF6-8484-9CEC623DA3E6}"
EndProject
Global
	GlobalSection(SolutionConfigurationPlatforms) = preSolution
		Debug|Any CPU = Debug|Any CPU
		Release|Any CPU = Release|Any CPU
	EndGlobalSection
	GlobalSection(ProjectConfigurationPlatforms) = postSolution
		{B0B27757-B744-48F8-9545-24D6C0AD511F}.Debug|Any CPU.ActiveCfg = Debug|Any CPU
		{B0B27757-B744-48F8-9545-24D6C0AD511F}.Debug|Any CPU.Build.0 = Debug|Any CPU
		{B0B27757-B744-48F8-9545-24D6C0AD511F}.Release|Any CPU.ActiveCfg = Release|Any CPU
		{B0B27757-B744-48F8-9545-24D6C0AD511F}.Release|Any CPU.Build.0 = Release|Any CPU
		{E960429C-266F-41B9-9AF4-9921139EED7F}.Debug|Any CPU.ActiveCfg = Debug|Any CPU
		{E960429C-266F-41B9-9AF4-9921139EED7F}.Debug|Any CPU.Build.0 = Debug|Any CPU
		{E960429C-266F-41B9-9AF4-9921139EED7F}.Release|Any CPU.ActiveCfg = Release|Any CPU
		{E960429C-266F-41B9-9AF4-9921139EED7F}.Release|Any CPU.Build.0 = Release|Any CPU
		{F9CDE7B9-8648-4DF6-8484-9CEC623DA3E6}.Debug|Any CPU.ActiveCfg = Debug|Any CPU
		{F9CDE7B9-8648-4DF6-8484-9CEC623DA3E6}.Debug|Any CPU.Build.0 = Debug|Any CPU
		{F9CDE7B9-8648-4DF6-8484-9CEC623DA3E6}.Release|Any CPU.ActiveCfg = Release|Any CPU
		{F9CDE7B9-8648-4DF6-8484-9CEC623DA3E6}.Release|Any CPU.Build.0 = Release|Any CPU
	EndGlobalSection
	GlobalSection(SolutionProperties) = preSolution
		HideSolutionNode = FALSE
	EndGlobalSection
	GlobalSection(ExtensibilityGlobals) = postSolution
		SolutionGuid = {F1F24CD1-8F78-44BA-AD3A-0A391FB605B1}
	EndGlobalSection
EndGlobal
